// !$*UTF8*$!
{
	archiveVersion = 1;
	classes = {
	};
	objectVersion = 55;
	objects = {

/* Begin PBXBuildFile section */
		C906359927595D4B004E16EC /* TabBackgroundViewModel.swift in Sources */ = {isa = PBXBuildFile; fileRef = C906359827595D4B004E16EC /* TabBackgroundViewModel.swift */; };
		C91E213A2755471200F52D39 /* ImagePicker.swift in Sources */ = {isa = PBXBuildFile; fileRef = C91E21392755471200F52D39 /* ImagePicker.swift */; };
		C921E6D7273DA00D007D927E /* MainBackgroundView.swift in Sources */ = {isa = PBXBuildFile; fileRef = C921E6D6273DA00D007D927E /* MainBackgroundView.swift */; };
		C921E6D8273DA00D007D927E /* MainBackgroundView.swift in Sources */ = {isa = PBXBuildFile; fileRef = C921E6D6273DA00D007D927E /* MainBackgroundView.swift */; };
		C921E6DB273DA619007D927E /* LoginPageViewModel.swift in Sources */ = {isa = PBXBuildFile; fileRef = C921E6DA273DA619007D927E /* LoginPageViewModel.swift */; };
		C921E6DC273DA619007D927E /* LoginPageViewModel.swift in Sources */ = {isa = PBXBuildFile; fileRef = C921E6DA273DA619007D927E /* LoginPageViewModel.swift */; };
		C921E6E0273DAFC5007D927E /* TextFieldCustomRoundedStyle.swift in Sources */ = {isa = PBXBuildFile; fileRef = C921E6DF273DAFC5007D927E /* TextFieldCustomRoundedStyle.swift */; };
		C921E6E1273DAFC5007D927E /* TextFieldCustomRoundedStyle.swift in Sources */ = {isa = PBXBuildFile; fileRef = C921E6DF273DAFC5007D927E /* TextFieldCustomRoundedStyle.swift */; };
		C921E6E3273DB47B007D927E /* ButtonViewCustomRoundedStyle.swift in Sources */ = {isa = PBXBuildFile; fileRef = C921E6E2273DB47B007D927E /* ButtonViewCustomRoundedStyle.swift */; };
		C921E6E4273DB47B007D927E /* ButtonViewCustomRoundedStyle.swift in Sources */ = {isa = PBXBuildFile; fileRef = C921E6E2273DB47B007D927E /* ButtonViewCustomRoundedStyle.swift */; };
		C9278D832752663600C63B1A /* ProfileInfoView.swift in Sources */ = {isa = PBXBuildFile; fileRef = C9278D822752663600C63B1A /* ProfileInfoView.swift */; };
		C9356D3227496A200005ADBE /* GoogleService-Info.plist in Resources */ = {isa = PBXBuildFile; fileRef = C9356D3127496A200005ADBE /* GoogleService-Info.plist */; };
		C9356D3327496A200005ADBE /* GoogleService-Info.plist in Resources */ = {isa = PBXBuildFile; fileRef = C9356D3127496A200005ADBE /* GoogleService-Info.plist */; };
		C9356D3627496C680005ADBE /* FirebaseAuth in Frameworks */ = {isa = PBXBuildFile; productRef = C9356D3527496C680005ADBE /* FirebaseAuth */; };
		C9356D3827496C680005ADBE /* FirebaseAuthCombine-Community in Frameworks */ = {isa = PBXBuildFile; productRef = C9356D3727496C680005ADBE /* FirebaseAuthCombine-Community */; };
		C9356D3A27496C680005ADBE /* FirebaseDatabase in Frameworks */ = {isa = PBXBuildFile; productRef = C9356D3927496C680005ADBE /* FirebaseDatabase */; };
		C9356D3C27496C680005ADBE /* FirebaseFirestore in Frameworks */ = {isa = PBXBuildFile; productRef = C9356D3B27496C680005ADBE /* FirebaseFirestore */; };
		C9356D3E27496C680005ADBE /* FirebaseFirestoreCombine-Community in Frameworks */ = {isa = PBXBuildFile; productRef = C9356D3D27496C680005ADBE /* FirebaseFirestoreCombine-Community */; };
		C9356D4027496C680005ADBE /* FirebaseStorage in Frameworks */ = {isa = PBXBuildFile; productRef = C9356D3F27496C680005ADBE /* FirebaseStorage */; };
		C9356D4227496C680005ADBE /* FirebaseStorageCombine-Community in Frameworks */ = {isa = PBXBuildFile; productRef = C9356D4127496C680005ADBE /* FirebaseStorageCombine-Community */; };
		C93B8E1527518B1B007F7860 /* SideMenuModel.swift in Sources */ = {isa = PBXBuildFile; fileRef = C93B8E1427518B1B007F7860 /* SideMenuModel.swift */; };
		C93E848F2743CC13004B5F1C /* SideMenuView.swift in Sources */ = {isa = PBXBuildFile; fileRef = C93E848E2743CC13004B5F1C /* SideMenuView.swift */; };
		C93E8491274402FA004B5F1C /* SideMenuViewModel.swift in Sources */ = {isa = PBXBuildFile; fileRef = C93E8490274402FA004B5F1C /* SideMenuViewModel.swift */; };
		C93E849327441489004B5F1C /* CardMenuView.swift in Sources */ = {isa = PBXBuildFile; fileRef = C93E849227441489004B5F1C /* CardMenuView.swift */; };
		C93E8495274425C5004B5F1C /* MovieDetailsViewModel.swift in Sources */ = {isa = PBXBuildFile; fileRef = C93E8494274425C5004B5F1C /* MovieDetailsViewModel.swift */; };
		C957674327450D1100E06948 /* CardMenuViewModel.swift in Sources */ = {isa = PBXBuildFile; fileRef = C957674227450D1100E06948 /* CardMenuViewModel.swift */; };
		C957674527450DC300E06948 /* CardMenuCategories.swift in Sources */ = {isa = PBXBuildFile; fileRef = C957674427450DC300E06948 /* CardMenuCategories.swift */; };
		C9577913273C5F21008308A8 /* Tests_iOS.swift in Sources */ = {isa = PBXBuildFile; fileRef = C9577912273C5F21008308A8 /* Tests_iOS.swift */; };
		C9577915273C5F21008308A8 /* Tests_iOSLaunchTests.swift in Sources */ = {isa = PBXBuildFile; fileRef = C9577914273C5F21008308A8 /* Tests_iOSLaunchTests.swift */; };
		C957791F273C5F21008308A8 /* Tests_macOS.swift in Sources */ = {isa = PBXBuildFile; fileRef = C957791E273C5F21008308A8 /* Tests_macOS.swift */; };
		C9577921273C5F21008308A8 /* Tests_macOSLaunchTests.swift in Sources */ = {isa = PBXBuildFile; fileRef = C9577920273C5F21008308A8 /* Tests_macOSLaunchTests.swift */; };
		C9577922273C5F21008308A8 /* movieApp.swift in Sources */ = {isa = PBXBuildFile; fileRef = C95778FA273C5F21008308A8 /* movieApp.swift */; };
		C9577923273C5F21008308A8 /* movieApp.swift in Sources */ = {isa = PBXBuildFile; fileRef = C95778FA273C5F21008308A8 /* movieApp.swift */; };
		C9577924273C5F21008308A8 /* LoginPageView.swift in Sources */ = {isa = PBXBuildFile; fileRef = C95778FB273C5F21008308A8 /* LoginPageView.swift */; };
		C9577925273C5F21008308A8 /* LoginPageView.swift in Sources */ = {isa = PBXBuildFile; fileRef = C95778FB273C5F21008308A8 /* LoginPageView.swift */; };
		C9577926273C5F21008308A8 /* Assets.xcassets in Resources */ = {isa = PBXBuildFile; fileRef = C95778FC273C5F21008308A8 /* Assets.xcassets */; };
		C9577927273C5F21008308A8 /* Assets.xcassets in Resources */ = {isa = PBXBuildFile; fileRef = C95778FC273C5F21008308A8 /* Assets.xcassets */; };
		C960554A2757D6BC00459252 /* MovieCellViewModel.swift in Sources */ = {isa = PBXBuildFile; fileRef = C96055492757D6BC00459252 /* MovieCellViewModel.swift */; };
		C960554C2757DDC300459252 /* FavouritesViewModel.swift in Sources */ = {isa = PBXBuildFile; fileRef = C960554B2757DDC300459252 /* FavouritesViewModel.swift */; };
		C960554E2757DFF900459252 /* AllMoviesViewModel.swift in Sources */ = {isa = PBXBuildFile; fileRef = C960554D2757DFF900459252 /* AllMoviesViewModel.swift */; };
		C96055502757E1B000459252 /* TabBackgroundView.swift in Sources */ = {isa = PBXBuildFile; fileRef = C960554F2757E1B000459252 /* TabBackgroundView.swift */; };
		C962373427529174001D5DAF /* UserInfo.swift in Sources */ = {isa = PBXBuildFile; fileRef = C962373327529174001D5DAF /* UserInfo.swift */; };
		C962373627529C25001D5DAF /* UserInfoApi.swift in Sources */ = {isa = PBXBuildFile; fileRef = C962373527529C25001D5DAF /* UserInfoApi.swift */; };
		C96237382753B689001D5DAF /* AuthenticationApi.swift in Sources */ = {isa = PBXBuildFile; fileRef = C96237372753B689001D5DAF /* AuthenticationApi.swift */; };
		C962373A2753CD8F001D5DAF /* MovieListModel.swift in Sources */ = {isa = PBXBuildFile; fileRef = C96237392753CD8F001D5DAF /* MovieListModel.swift */; };
		C962373E2753D43D001D5DAF /* MovieCellView.swift in Sources */ = {isa = PBXBuildFile; fileRef = C962373D2753D43D001D5DAF /* MovieCellView.swift */; };
		C96237412753D519001D5DAF /* FavouritesView.swift in Sources */ = {isa = PBXBuildFile; fileRef = C96237402753D519001D5DAF /* FavouritesView.swift */; };
		C96237432753D57A001D5DAF /* AllMoviesView.swift in Sources */ = {isa = PBXBuildFile; fileRef = C96237422753D57A001D5DAF /* AllMoviesView.swift */; };
		C96237452753D8D3001D5DAF /* ProfilePageCustomText.swift in Sources */ = {isa = PBXBuildFile; fileRef = C96237442753D8D3001D5DAF /* ProfilePageCustomText.swift */; };
		C96237472753D99C001D5DAF /* ProfilePageCustomTextField.swift in Sources */ = {isa = PBXBuildFile; fileRef = C96237462753D99C001D5DAF /* ProfilePageCustomTextField.swift */; };
		C9666A952746C39100125E31 /* CardView.swift in Sources */ = {isa = PBXBuildFile; fileRef = C9666A942746C39100125E31 /* CardView.swift */; };
		C9666A972746DCB400125E31 /* Card.swift in Sources */ = {isa = PBXBuildFile; fileRef = C9666A962746DCB400125E31 /* Card.swift */; };
		C96CF28F274C347500A81DD0 /* MovieListViewStorage.swift in Sources */ = {isa = PBXBuildFile; fileRef = C96CF28E274C347500A81DD0 /* MovieListViewStorage.swift */; };
		C970D87E273ED04B00C024A5 /* MainBackgroundViewModel.swift in Sources */ = {isa = PBXBuildFile; fileRef = C970D87D273ED04B00C024A5 /* MainBackgroundViewModel.swift */; };
		C970D87F273ED04B00C024A5 /* MainBackgroundViewModel.swift in Sources */ = {isa = PBXBuildFile; fileRef = C970D87D273ED04B00C024A5 /* MainBackgroundViewModel.swift */; };
		C970D883273F07A300C024A5 /* Kingfisher in Frameworks */ = {isa = PBXBuildFile; productRef = C970D882273F07A300C024A5 /* Kingfisher */; };
		C9A8FCA0274A6B160069082E /* SignIn.swift in Sources */ = {isa = PBXBuildFile; fileRef = C9A8FC9F274A6B160069082E /* SignIn.swift */; };
		C9A8FCA1274A6B160069082E /* SignIn.swift in Sources */ = {isa = PBXBuildFile; fileRef = C9A8FC9F274A6B160069082E /* SignIn.swift */; };
		C9B5334A27418A8C0085059E /* MovieDetailsView.swift in Sources */ = {isa = PBXBuildFile; fileRef = C9B5334927418A8C0085059E /* MovieDetailsView.swift */; };
		C9CC116A274043CC00EDFFD9 /* MovieSearchList.swift in Sources */ = {isa = PBXBuildFile; fileRef = C9CC1169274043CC00EDFFD9 /* MovieSearchList.swift */; };
		C9CC116F2740447200EDFFD9 /* MovieSearchApi.swift in Sources */ = {isa = PBXBuildFile; fileRef = C9CC116E2740447200EDFFD9 /* MovieSearchApi.swift */; };
		C9D01F5627402B0D00E16479 /* Alamofire in Frameworks */ = {isa = PBXBuildFile; productRef = C9D01F5527402B0D00E16479 /* Alamofire */; };
		C9D01F5927402B5700E16479 /* MoviesApi.swift in Sources */ = {isa = PBXBuildFile; fileRef = C9D01F5827402B5700E16479 /* MoviesApi.swift */; };
		C9D01F5C27402CE600E16479 /* Movie.swift in Sources */ = {isa = PBXBuildFile; fileRef = C9D01F5B27402CE600E16479 /* Movie.swift */; };
		C9D01F5E2740356700E16479 /* MoviesList.swift in Sources */ = {isa = PBXBuildFile; fileRef = C9D01F5D2740356700E16479 /* MoviesList.swift */; };
/* End PBXBuildFile section */

/* Begin PBXContainerItemProxy section */
		C957790F273C5F21008308A8 /* PBXContainerItemProxy */ = {
			isa = PBXContainerItemProxy;
			containerPortal = C95778F5273C5F21008308A8 /* Project object */;
			proxyType = 1;
			remoteGlobalIDString = C9577900273C5F21008308A8;
			remoteInfo = "movie (iOS)";
		};
		C957791B273C5F21008308A8 /* PBXContainerItemProxy */ = {
			isa = PBXContainerItemProxy;
			containerPortal = C95778F5273C5F21008308A8 /* Project object */;
			proxyType = 1;
			remoteGlobalIDString = C9577906273C5F21008308A8;
			remoteInfo = "movie (macOS)";
		};
/* End PBXContainerItemProxy section */

/* Begin PBXFileReference section */
		C906359827595D4B004E16EC /* TabBackgroundViewModel.swift */ = {isa = PBXFileReference; lastKnownFileType = sourcecode.swift; path = TabBackgroundViewModel.swift; sourceTree = "<group>"; };
		C91E2138275544EE00F52D39 /* movie--iOS--Info.plist */ = {isa = PBXFileReference; lastKnownFileType = text.plist; path = "movie--iOS--Info.plist"; sourceTree = "<group>"; };
		C91E21392755471200F52D39 /* ImagePicker.swift */ = {isa = PBXFileReference; lastKnownFileType = sourcecode.swift; path = ImagePicker.swift; sourceTree = "<group>"; };
		C921E6D6273DA00D007D927E /* MainBackgroundView.swift */ = {isa = PBXFileReference; lastKnownFileType = sourcecode.swift; path = MainBackgroundView.swift; sourceTree = "<group>"; };
		C921E6DA273DA619007D927E /* LoginPageViewModel.swift */ = {isa = PBXFileReference; lastKnownFileType = sourcecode.swift; path = LoginPageViewModel.swift; sourceTree = "<group>"; };
		C921E6DF273DAFC5007D927E /* TextFieldCustomRoundedStyle.swift */ = {isa = PBXFileReference; lastKnownFileType = sourcecode.swift; path = TextFieldCustomRoundedStyle.swift; sourceTree = "<group>"; };
		C921E6E2273DB47B007D927E /* ButtonViewCustomRoundedStyle.swift */ = {isa = PBXFileReference; lastKnownFileType = sourcecode.swift; path = ButtonViewCustomRoundedStyle.swift; sourceTree = "<group>"; };
		C9278D822752663600C63B1A /* ProfileInfoView.swift */ = {isa = PBXFileReference; lastKnownFileType = sourcecode.swift; path = ProfileInfoView.swift; sourceTree = "<group>"; };
		C9356D3127496A200005ADBE /* GoogleService-Info.plist */ = {isa = PBXFileReference; fileEncoding = 4; lastKnownFileType = text.plist.xml; path = "GoogleService-Info.plist"; sourceTree = "<group>"; };
		C93B8E1427518B1B007F7860 /* SideMenuModel.swift */ = {isa = PBXFileReference; lastKnownFileType = sourcecode.swift; path = SideMenuModel.swift; sourceTree = "<group>"; };
		C93E848E2743CC13004B5F1C /* SideMenuView.swift */ = {isa = PBXFileReference; lastKnownFileType = sourcecode.swift; path = SideMenuView.swift; sourceTree = "<group>"; };
		C93E8490274402FA004B5F1C /* SideMenuViewModel.swift */ = {isa = PBXFileReference; lastKnownFileType = sourcecode.swift; path = SideMenuViewModel.swift; sourceTree = "<group>"; };
		C93E849227441489004B5F1C /* CardMenuView.swift */ = {isa = PBXFileReference; lastKnownFileType = sourcecode.swift; path = CardMenuView.swift; sourceTree = "<group>"; };
		C93E8494274425C5004B5F1C /* MovieDetailsViewModel.swift */ = {isa = PBXFileReference; lastKnownFileType = sourcecode.swift; path = MovieDetailsViewModel.swift; sourceTree = "<group>"; };
		C957674227450D1100E06948 /* CardMenuViewModel.swift */ = {isa = PBXFileReference; lastKnownFileType = sourcecode.swift; path = CardMenuViewModel.swift; sourceTree = "<group>"; };
		C957674427450DC300E06948 /* CardMenuCategories.swift */ = {isa = PBXFileReference; lastKnownFileType = sourcecode.swift; path = CardMenuCategories.swift; sourceTree = "<group>"; };
		C95778FA273C5F21008308A8 /* movieApp.swift */ = {isa = PBXFileReference; lastKnownFileType = sourcecode.swift; path = movieApp.swift; sourceTree = "<group>"; };
		C95778FB273C5F21008308A8 /* LoginPageView.swift */ = {isa = PBXFileReference; lastKnownFileType = sourcecode.swift; path = LoginPageView.swift; sourceTree = "<group>"; };
		C95778FC273C5F21008308A8 /* Assets.xcassets */ = {isa = PBXFileReference; lastKnownFileType = folder.assetcatalog; path = Assets.xcassets; sourceTree = "<group>"; };
		C9577901273C5F21008308A8 /* movie.app */ = {isa = PBXFileReference; explicitFileType = wrapper.application; includeInIndex = 0; path = movie.app; sourceTree = BUILT_PRODUCTS_DIR; };
		C9577907273C5F21008308A8 /* movie.app */ = {isa = PBXFileReference; explicitFileType = wrapper.application; includeInIndex = 0; path = movie.app; sourceTree = BUILT_PRODUCTS_DIR; };
		C9577909273C5F21008308A8 /* macOS.entitlements */ = {isa = PBXFileReference; lastKnownFileType = text.plist.entitlements; path = macOS.entitlements; sourceTree = "<group>"; };
		C957790E273C5F21008308A8 /* Tests iOS.xctest */ = {isa = PBXFileReference; explicitFileType = wrapper.cfbundle; includeInIndex = 0; path = "Tests iOS.xctest"; sourceTree = BUILT_PRODUCTS_DIR; };
		C9577912273C5F21008308A8 /* Tests_iOS.swift */ = {isa = PBXFileReference; lastKnownFileType = sourcecode.swift; path = Tests_iOS.swift; sourceTree = "<group>"; };
		C9577914273C5F21008308A8 /* Tests_iOSLaunchTests.swift */ = {isa = PBXFileReference; lastKnownFileType = sourcecode.swift; path = Tests_iOSLaunchTests.swift; sourceTree = "<group>"; };
		C957791A273C5F21008308A8 /* Tests macOS.xctest */ = {isa = PBXFileReference; explicitFileType = wrapper.cfbundle; includeInIndex = 0; path = "Tests macOS.xctest"; sourceTree = BUILT_PRODUCTS_DIR; };
		C957791E273C5F21008308A8 /* Tests_macOS.swift */ = {isa = PBXFileReference; lastKnownFileType = sourcecode.swift; path = Tests_macOS.swift; sourceTree = "<group>"; };
		C9577920273C5F21008308A8 /* Tests_macOSLaunchTests.swift */ = {isa = PBXFileReference; lastKnownFileType = sourcecode.swift; path = Tests_macOSLaunchTests.swift; sourceTree = "<group>"; };
		C96055492757D6BC00459252 /* MovieCellViewModel.swift */ = {isa = PBXFileReference; lastKnownFileType = sourcecode.swift; path = MovieCellViewModel.swift; sourceTree = "<group>"; };
		C960554B2757DDC300459252 /* FavouritesViewModel.swift */ = {isa = PBXFileReference; lastKnownFileType = sourcecode.swift; path = FavouritesViewModel.swift; sourceTree = "<group>"; };
		C960554D2757DFF900459252 /* AllMoviesViewModel.swift */ = {isa = PBXFileReference; lastKnownFileType = sourcecode.swift; path = AllMoviesViewModel.swift; sourceTree = "<group>"; };
		C960554F2757E1B000459252 /* TabBackgroundView.swift */ = {isa = PBXFileReference; lastKnownFileType = sourcecode.swift; path = TabBackgroundView.swift; sourceTree = "<group>"; };
		C962373327529174001D5DAF /* UserInfo.swift */ = {isa = PBXFileReference; lastKnownFileType = sourcecode.swift; path = UserInfo.swift; sourceTree = "<group>"; };
		C962373527529C25001D5DAF /* UserInfoApi.swift */ = {isa = PBXFileReference; lastKnownFileType = sourcecode.swift; path = UserInfoApi.swift; sourceTree = "<group>"; };
		C96237372753B689001D5DAF /* AuthenticationApi.swift */ = {isa = PBXFileReference; lastKnownFileType = sourcecode.swift; path = AuthenticationApi.swift; sourceTree = "<group>"; };
		C96237392753CD8F001D5DAF /* MovieListModel.swift */ = {isa = PBXFileReference; lastKnownFileType = sourcecode.swift; path = MovieListModel.swift; sourceTree = "<group>"; };
		C962373D2753D43D001D5DAF /* MovieCellView.swift */ = {isa = PBXFileReference; lastKnownFileType = sourcecode.swift; path = MovieCellView.swift; sourceTree = "<group>"; };
		C96237402753D519001D5DAF /* FavouritesView.swift */ = {isa = PBXFileReference; lastKnownFileType = sourcecode.swift; path = FavouritesView.swift; sourceTree = "<group>"; };
		C96237422753D57A001D5DAF /* AllMoviesView.swift */ = {isa = PBXFileReference; lastKnownFileType = sourcecode.swift; path = AllMoviesView.swift; sourceTree = "<group>"; };
		C96237442753D8D3001D5DAF /* ProfilePageCustomText.swift */ = {isa = PBXFileReference; lastKnownFileType = sourcecode.swift; path = ProfilePageCustomText.swift; sourceTree = "<group>"; };
		C96237462753D99C001D5DAF /* ProfilePageCustomTextField.swift */ = {isa = PBXFileReference; lastKnownFileType = sourcecode.swift; path = ProfilePageCustomTextField.swift; sourceTree = "<group>"; };
		C9666A942746C39100125E31 /* CardView.swift */ = {isa = PBXFileReference; lastKnownFileType = sourcecode.swift; path = CardView.swift; sourceTree = "<group>"; };
		C9666A962746DCB400125E31 /* Card.swift */ = {isa = PBXFileReference; lastKnownFileType = sourcecode.swift; path = Card.swift; sourceTree = "<group>"; };
		C96CF28E274C347500A81DD0 /* MovieListViewStorage.swift */ = {isa = PBXFileReference; lastKnownFileType = sourcecode.swift; path = MovieListViewStorage.swift; sourceTree = "<group>"; };
		C970D87D273ED04B00C024A5 /* MainBackgroundViewModel.swift */ = {isa = PBXFileReference; lastKnownFileType = sourcecode.swift; path = MainBackgroundViewModel.swift; sourceTree = "<group>"; };
		C9A8FC9F274A6B160069082E /* SignIn.swift */ = {isa = PBXFileReference; lastKnownFileType = sourcecode.swift; path = SignIn.swift; sourceTree = "<group>"; };
		C9B5334927418A8C0085059E /* MovieDetailsView.swift */ = {isa = PBXFileReference; lastKnownFileType = sourcecode.swift; path = MovieDetailsView.swift; sourceTree = "<group>"; };
		C9CC1169274043CC00EDFFD9 /* MovieSearchList.swift */ = {isa = PBXFileReference; lastKnownFileType = sourcecode.swift; path = MovieSearchList.swift; sourceTree = "<group>"; };
		C9CC116E2740447200EDFFD9 /* MovieSearchApi.swift */ = {isa = PBXFileReference; lastKnownFileType = sourcecode.swift; path = MovieSearchApi.swift; sourceTree = "<group>"; };
		C9D01F5827402B5700E16479 /* MoviesApi.swift */ = {isa = PBXFileReference; lastKnownFileType = sourcecode.swift; path = MoviesApi.swift; sourceTree = "<group>"; };
		C9D01F5B27402CE600E16479 /* Movie.swift */ = {isa = PBXFileReference; lastKnownFileType = sourcecode.swift; path = Movie.swift; sourceTree = "<group>"; };
		C9D01F5D2740356700E16479 /* MoviesList.swift */ = {isa = PBXFileReference; lastKnownFileType = sourcecode.swift; path = MoviesList.swift; sourceTree = "<group>"; };
/* End PBXFileReference section */

/* Begin PBXFrameworksBuildPhase section */
		C95778FE273C5F21008308A8 /* Frameworks */ = {
			isa = PBXFrameworksBuildPhase;
			buildActionMask = 2147483647;
			files = (
				C9356D3A27496C680005ADBE /* FirebaseDatabase in Frameworks */,
				C970D883273F07A300C024A5 /* Kingfisher in Frameworks */,
				C9356D3627496C680005ADBE /* FirebaseAuth in Frameworks */,
				C9D01F5627402B0D00E16479 /* Alamofire in Frameworks */,
				C9356D3827496C680005ADBE /* FirebaseAuthCombine-Community in Frameworks */,
				C9356D4027496C680005ADBE /* FirebaseStorage in Frameworks */,
				C9356D3C27496C680005ADBE /* FirebaseFirestore in Frameworks */,
				C9356D4227496C680005ADBE /* FirebaseStorageCombine-Community in Frameworks */,
				C9356D3E27496C680005ADBE /* FirebaseFirestoreCombine-Community in Frameworks */,
			);
			runOnlyForDeploymentPostprocessing = 0;
		};
		C9577904273C5F21008308A8 /* Frameworks */ = {
			isa = PBXFrameworksBuildPhase;
			buildActionMask = 2147483647;
			files = (
			);
			runOnlyForDeploymentPostprocessing = 0;
		};
		C957790B273C5F21008308A8 /* Frameworks */ = {
			isa = PBXFrameworksBuildPhase;
			buildActionMask = 2147483647;
			files = (
			);
			runOnlyForDeploymentPostprocessing = 0;
		};
		C9577917273C5F21008308A8 /* Frameworks */ = {
			isa = PBXFrameworksBuildPhase;
			buildActionMask = 2147483647;
			files = (
			);
			runOnlyForDeploymentPostprocessing = 0;
		};
/* End PBXFrameworksBuildPhase section */

/* Begin PBXGroup section */
		C921E6DD273DAEB0007D927E /* LoginPage */ = {
			isa = PBXGroup;
			children = (
				C95778FB273C5F21008308A8 /* LoginPageView.swift */,
				C921E6DA273DA619007D927E /* LoginPageViewModel.swift */,
				C9A8FC9F274A6B160069082E /* SignIn.swift */,
			);
			path = LoginPage;
			sourceTree = "<group>";
		};
		C921E6DE273DAF9A007D927E /* Modifiers */ = {
			isa = PBXGroup;
			children = (
				C921E6DF273DAFC5007D927E /* TextFieldCustomRoundedStyle.swift */,
				C921E6E2273DB47B007D927E /* ButtonViewCustomRoundedStyle.swift */,
				C96237442753D8D3001D5DAF /* ProfilePageCustomText.swift */,
				C96237462753D99C001D5DAF /* ProfilePageCustomTextField.swift */,
			);
			path = Modifiers;
			sourceTree = "<group>";
		};
		C9278D812752662000C63B1A /* ProfileInfo */ = {
			isa = PBXGroup;
			children = (
				C9278D822752663600C63B1A /* ProfileInfoView.swift */,
				C962373327529174001D5DAF /* UserInfo.swift */,
				C91E21392755471200F52D39 /* ImagePicker.swift */,
			);
			path = ProfileInfo;
			sourceTree = "<group>";
		};
		C93E848D2743CC03004B5F1C /* SideMenu */ = {
			isa = PBXGroup;
			children = (
				C93E8490274402FA004B5F1C /* SideMenuViewModel.swift */,
				C93E848E2743CC13004B5F1C /* SideMenuView.swift */,
				C93B8E1427518B1B007F7860 /* SideMenuModel.swift */,
			);
			path = SideMenu;
			sourceTree = "<group>";
		};
		C957674127450CCC00E06948 /* CardMenu */ = {
			isa = PBXGroup;
			children = (
				C93E849227441489004B5F1C /* CardMenuView.swift */,
				C957674227450D1100E06948 /* CardMenuViewModel.swift */,
				C957674427450DC300E06948 /* CardMenuCategories.swift */,
				C9666A942746C39100125E31 /* CardView.swift */,
				C9666A962746DCB400125E31 /* Card.swift */,
			);
			path = CardMenu;
			sourceTree = "<group>";
		};
		C95778F4273C5F21008308A8 = {
			isa = PBXGroup;
			children = (
				C91E2138275544EE00F52D39 /* movie--iOS--Info.plist */,
				C95778F9273C5F21008308A8 /* Shared */,
				C9577908273C5F21008308A8 /* macOS */,
				C9577911273C5F21008308A8 /* Tests iOS */,
				C957791D273C5F21008308A8 /* Tests macOS */,
				C9577902273C5F21008308A8 /* Products */,
			);
			sourceTree = "<group>";
		};
		C95778F9273C5F21008308A8 /* Shared */ = {
			isa = PBXGroup;
			children = (
				C9278D812752662000C63B1A /* ProfileInfo */,
				C9356D3127496A200005ADBE /* GoogleService-Info.plist */,
				C957674127450CCC00E06948 /* CardMenu */,
				C93E848D2743CC03004B5F1C /* SideMenu */,
				C9B5334827418A760085059E /* MovieDetails */,
				C9D01F5A27402CD200E16479 /* Models */,
				C9D01F5727402B4200E16479 /* Api */,
				C970D880273EE4B300C024A5 /* MovieListPage */,
				C921E6DE273DAF9A007D927E /* Modifiers */,
				C921E6DD273DAEB0007D927E /* LoginPage */,
				C95778FA273C5F21008308A8 /* movieApp.swift */,
				C95778FC273C5F21008308A8 /* Assets.xcassets */,
			);
			path = Shared;
			sourceTree = "<group>";
		};
		C9577902273C5F21008308A8 /* Products */ = {
			isa = PBXGroup;
			children = (
				C9577901273C5F21008308A8 /* movie.app */,
				C9577907273C5F21008308A8 /* movie.app */,
				C957790E273C5F21008308A8 /* Tests iOS.xctest */,
				C957791A273C5F21008308A8 /* Tests macOS.xctest */,
			);
			name = Products;
			sourceTree = "<group>";
		};
		C9577908273C5F21008308A8 /* macOS */ = {
			isa = PBXGroup;
			children = (
				C9577909273C5F21008308A8 /* macOS.entitlements */,
			);
			path = macOS;
			sourceTree = "<group>";
		};
		C9577911273C5F21008308A8 /* Tests iOS */ = {
			isa = PBXGroup;
			children = (
				C9577912273C5F21008308A8 /* Tests_iOS.swift */,
				C9577914273C5F21008308A8 /* Tests_iOSLaunchTests.swift */,
			);
			path = "Tests iOS";
			sourceTree = "<group>";
		};
		C957791D273C5F21008308A8 /* Tests macOS */ = {
			isa = PBXGroup;
			children = (
				C957791E273C5F21008308A8 /* Tests_macOS.swift */,
				C9577920273C5F21008308A8 /* Tests_macOSLaunchTests.swift */,
			);
			path = "Tests macOS";
			sourceTree = "<group>";
		};
		C962373F2753D50B001D5DAF /* Tabs */ = {
			isa = PBXGroup;
			children = (
				C960554F2757E1B000459252 /* TabBackgroundView.swift */,
				C906359827595D4B004E16EC /* TabBackgroundViewModel.swift */,
				C96237402753D519001D5DAF /* FavouritesView.swift */,
				C960554B2757DDC300459252 /* FavouritesViewModel.swift */,
				C96237422753D57A001D5DAF /* AllMoviesView.swift */,
				C960554D2757DFF900459252 /* AllMoviesViewModel.swift */,
			);
			path = Tabs;
			sourceTree = "<group>";
		};
		C970D880273EE4B300C024A5 /* MovieListPage */ = {
			isa = PBXGroup;
			children = (
				C962373F2753D50B001D5DAF /* Tabs */,
				C921E6D6273DA00D007D927E /* MainBackgroundView.swift */,
				C970D87D273ED04B00C024A5 /* MainBackgroundViewModel.swift */,
				C96237392753CD8F001D5DAF /* MovieListModel.swift */,
				C962373D2753D43D001D5DAF /* MovieCellView.swift */,
				C96055492757D6BC00459252 /* MovieCellViewModel.swift */,
			);
			path = MovieListPage;
			sourceTree = "<group>";
		};
		C9B5334827418A760085059E /* MovieDetails */ = {
			isa = PBXGroup;
			children = (
				C9B5334927418A8C0085059E /* MovieDetailsView.swift */,
				C93E8494274425C5004B5F1C /* MovieDetailsViewModel.swift */,
			);
			path = MovieDetails;
			sourceTree = "<group>";
		};
		C9CC116B274043F100EDFFD9 /* MovieSearch */ = {
			isa = PBXGroup;
			children = (
				C9CC1169274043CC00EDFFD9 /* MovieSearchList.swift */,
			);
			path = MovieSearch;
			sourceTree = "<group>";
		};
		C9D01F5727402B4200E16479 /* Api */ = {
			isa = PBXGroup;
			children = (
				C9D01F5827402B5700E16479 /* MoviesApi.swift */,
				C9CC116E2740447200EDFFD9 /* MovieSearchApi.swift */,
				C96CF28E274C347500A81DD0 /* MovieListViewStorage.swift */,
				C962373527529C25001D5DAF /* UserInfoApi.swift */,
				C96237372753B689001D5DAF /* AuthenticationApi.swift */,
			);
			path = Api;
			sourceTree = "<group>";
		};
		C9D01F5A27402CD200E16479 /* Models */ = {
			isa = PBXGroup;
			children = (
				C9D01F5B27402CE600E16479 /* Movie.swift */,
				C9D01F5D2740356700E16479 /* MoviesList.swift */,
				C9CC116B274043F100EDFFD9 /* MovieSearch */,
			);
			path = Models;
			sourceTree = "<group>";
		};
/* End PBXGroup section */

/* Begin PBXNativeTarget section */
		C9577900273C5F21008308A8 /* movie (iOS) */ = {
			isa = PBXNativeTarget;
			buildConfigurationList = C957792A273C5F21008308A8 /* Build configuration list for PBXNativeTarget "movie (iOS)" */;
			buildPhases = (
				C95778FD273C5F21008308A8 /* Sources */,
				C95778FE273C5F21008308A8 /* Frameworks */,
				C95778FF273C5F21008308A8 /* Resources */,
			);
			buildRules = (
			);
			dependencies = (
			);
			name = "movie (iOS)";
			packageProductDependencies = (
				C970D882273F07A300C024A5 /* Kingfisher */,
				C9D01F5527402B0D00E16479 /* Alamofire */,
				C9356D3527496C680005ADBE /* FirebaseAuth */,
				C9356D3727496C680005ADBE /* FirebaseAuthCombine-Community */,
				C9356D3927496C680005ADBE /* FirebaseDatabase */,
				C9356D3B27496C680005ADBE /* FirebaseFirestore */,
				C9356D3D27496C680005ADBE /* FirebaseFirestoreCombine-Community */,
				C9356D3F27496C680005ADBE /* FirebaseStorage */,
				C9356D4127496C680005ADBE /* FirebaseStorageCombine-Community */,
			);
			productName = "movie (iOS)";
			productReference = C9577901273C5F21008308A8 /* movie.app */;
			productType = "com.apple.product-type.application";
		};
		C9577906273C5F21008308A8 /* movie (macOS) */ = {
			isa = PBXNativeTarget;
			buildConfigurationList = C957792D273C5F21008308A8 /* Build configuration list for PBXNativeTarget "movie (macOS)" */;
			buildPhases = (
				C9577903273C5F21008308A8 /* Sources */,
				C9577904273C5F21008308A8 /* Frameworks */,
				C9577905273C5F21008308A8 /* Resources */,
			);
			buildRules = (
			);
			dependencies = (
			);
			name = "movie (macOS)";
			productName = "movie (macOS)";
			productReference = C9577907273C5F21008308A8 /* movie.app */;
			productType = "com.apple.product-type.application";
		};
		C957790D273C5F21008308A8 /* Tests iOS */ = {
			isa = PBXNativeTarget;
			buildConfigurationList = C9577930273C5F21008308A8 /* Build configuration list for PBXNativeTarget "Tests iOS" */;
			buildPhases = (
				C957790A273C5F21008308A8 /* Sources */,
				C957790B273C5F21008308A8 /* Frameworks */,
				C957790C273C5F21008308A8 /* Resources */,
			);
			buildRules = (
			);
			dependencies = (
				C9577910273C5F21008308A8 /* PBXTargetDependency */,
			);
			name = "Tests iOS";
			productName = "Tests iOS";
			productReference = C957790E273C5F21008308A8 /* Tests iOS.xctest */;
			productType = "com.apple.product-type.bundle.ui-testing";
		};
		C9577919273C5F21008308A8 /* Tests macOS */ = {
			isa = PBXNativeTarget;
			buildConfigurationList = C9577933273C5F21008308A8 /* Build configuration list for PBXNativeTarget "Tests macOS" */;
			buildPhases = (
				C9577916273C5F21008308A8 /* Sources */,
				C9577917273C5F21008308A8 /* Frameworks */,
				C9577918273C5F21008308A8 /* Resources */,
			);
			buildRules = (
			);
			dependencies = (
				C957791C273C5F21008308A8 /* PBXTargetDependency */,
			);
			name = "Tests macOS";
			productName = "Tests macOS";
			productReference = C957791A273C5F21008308A8 /* Tests macOS.xctest */;
			productType = "com.apple.product-type.bundle.ui-testing";
		};
/* End PBXNativeTarget section */

/* Begin PBXProject section */
		C95778F5273C5F21008308A8 /* Project object */ = {
			isa = PBXProject;
			attributes = {
				BuildIndependentTargetsInParallel = 1;
				LastSwiftUpdateCheck = 1310;
				LastUpgradeCheck = 1310;
				TargetAttributes = {
					C9577900273C5F21008308A8 = {
						CreatedOnToolsVersion = 13.1;
					};
					C9577906273C5F21008308A8 = {
						CreatedOnToolsVersion = 13.1;
					};
					C957790D273C5F21008308A8 = {
						CreatedOnToolsVersion = 13.1;
						TestTargetID = C9577900273C5F21008308A8;
					};
					C9577919273C5F21008308A8 = {
						CreatedOnToolsVersion = 13.1;
						TestTargetID = C9577906273C5F21008308A8;
					};
				};
			};
			buildConfigurationList = C95778F8273C5F21008308A8 /* Build configuration list for PBXProject "movie" */;
			compatibilityVersion = "Xcode 13.0";
			developmentRegion = en;
			hasScannedForEncodings = 0;
			knownRegions = (
				en,
				Base,
			);
			mainGroup = C95778F4273C5F21008308A8;
			packageReferences = (
				C970D881273F07A300C024A5 /* XCRemoteSwiftPackageReference "Kingfisher" */,
				C9D01F5427402B0C00E16479 /* XCRemoteSwiftPackageReference "Alamofire" */,
				C9356D3427496C680005ADBE /* XCRemoteSwiftPackageReference "firebase-ios-sdk" */,
			);
			productRefGroup = C9577902273C5F21008308A8 /* Products */;
			projectDirPath = "";
			projectRoot = "";
			targets = (
				C9577900273C5F21008308A8 /* movie (iOS) */,
				C9577906273C5F21008308A8 /* movie (macOS) */,
				C957790D273C5F21008308A8 /* Tests iOS */,
				C9577919273C5F21008308A8 /* Tests macOS */,
			);
		};
/* End PBXProject section */

/* Begin PBXResourcesBuildPhase section */
		C95778FF273C5F21008308A8 /* Resources */ = {
			isa = PBXResourcesBuildPhase;
			buildActionMask = 2147483647;
			files = (
				C9577926273C5F21008308A8 /* Assets.xcassets in Resources */,
				C9356D3227496A200005ADBE /* GoogleService-Info.plist in Resources */,
			);
			runOnlyForDeploymentPostprocessing = 0;
		};
		C9577905273C5F21008308A8 /* Resources */ = {
			isa = PBXResourcesBuildPhase;
			buildActionMask = 2147483647;
			files = (
				C9577927273C5F21008308A8 /* Assets.xcassets in Resources */,
				C9356D3327496A200005ADBE /* GoogleService-Info.plist in Resources */,
			);
			runOnlyForDeploymentPostprocessing = 0;
		};
		C957790C273C5F21008308A8 /* Resources */ = {
			isa = PBXResourcesBuildPhase;
			buildActionMask = 2147483647;
			files = (
			);
			runOnlyForDeploymentPostprocessing = 0;
		};
		C9577918273C5F21008308A8 /* Resources */ = {
			isa = PBXResourcesBuildPhase;
			buildActionMask = 2147483647;
			files = (
			);
			runOnlyForDeploymentPostprocessing = 0;
		};
/* End PBXResourcesBuildPhase section */

/* Begin PBXSourcesBuildPhase section */
		C95778FD273C5F21008308A8 /* Sources */ = {
			isa = PBXSourcesBuildPhase;
			buildActionMask = 2147483647;
			files = (
				C960554C2757DDC300459252 /* FavouritesViewModel.swift in Sources */,
				C9577924273C5F21008308A8 /* LoginPageView.swift in Sources */,
				C906359927595D4B004E16EC /* TabBackgroundViewModel.swift in Sources */,
				C93B8E1527518B1B007F7860 /* SideMenuModel.swift in Sources */,
				C96237452753D8D3001D5DAF /* ProfilePageCustomText.swift in Sources */,
				C921E6E3273DB47B007D927E /* ButtonViewCustomRoundedStyle.swift in Sources */,
				C9D01F5C27402CE600E16479 /* Movie.swift in Sources */,
				C96237382753B689001D5DAF /* AuthenticationApi.swift in Sources */,
				C962373A2753CD8F001D5DAF /* MovieListModel.swift in Sources */,
				C9278D832752663600C63B1A /* ProfileInfoView.swift in Sources */,
				C96237472753D99C001D5DAF /* ProfilePageCustomTextField.swift in Sources */,
				C9A8FCA0274A6B160069082E /* SignIn.swift in Sources */,
				C962373E2753D43D001D5DAF /* MovieCellView.swift in Sources */,
				C9CC116A274043CC00EDFFD9 /* MovieSearchList.swift in Sources */,
				C96CF28F274C347500A81DD0 /* MovieListViewStorage.swift in Sources */,
				C962373427529174001D5DAF /* UserInfo.swift in Sources */,
				C957674327450D1100E06948 /* CardMenuViewModel.swift in Sources */,
				C93E8491274402FA004B5F1C /* SideMenuViewModel.swift in Sources */,
				C93E849327441489004B5F1C /* CardMenuView.swift in Sources */,
				C91E213A2755471200F52D39 /* ImagePicker.swift in Sources */,
				C921E6DB273DA619007D927E /* LoginPageViewModel.swift in Sources */,
				C9B5334A27418A8C0085059E /* MovieDetailsView.swift in Sources */,
				C9577922273C5F21008308A8 /* movieApp.swift in Sources */,
				C93E8495274425C5004B5F1C /* MovieDetailsViewModel.swift in Sources */,
				C957674527450DC300E06948 /* CardMenuCategories.swift in Sources */,
				C9CC116F2740447200EDFFD9 /* MovieSearchApi.swift in Sources */,
				C960554E2757DFF900459252 /* AllMoviesViewModel.swift in Sources */,
				C93E848F2743CC13004B5F1C /* SideMenuView.swift in Sources */,
				C9666A952746C39100125E31 /* CardView.swift in Sources */,
				C96055502757E1B000459252 /* TabBackgroundView.swift in Sources */,
				C921E6D7273DA00D007D927E /* MainBackgroundView.swift in Sources */,
				C9666A972746DCB400125E31 /* Card.swift in Sources */,
				C970D87E273ED04B00C024A5 /* MainBackgroundViewModel.swift in Sources */,
				C96237432753D57A001D5DAF /* AllMoviesView.swift in Sources */,
				C921E6E0273DAFC5007D927E /* TextFieldCustomRoundedStyle.swift in Sources */,
				C960554A2757D6BC00459252 /* MovieCellViewModel.swift in Sources */,
				C9D01F5E2740356700E16479 /* MoviesList.swift in Sources */,
				C962373627529C25001D5DAF /* UserInfoApi.swift in Sources */,
				C96237412753D519001D5DAF /* FavouritesView.swift in Sources */,
				C9D01F5927402B5700E16479 /* MoviesApi.swift in Sources */,
			);
			runOnlyForDeploymentPostprocessing = 0;
		};
		C9577903273C5F21008308A8 /* Sources */ = {
			isa = PBXSourcesBuildPhase;
			buildActionMask = 2147483647;
			files = (
				C9577925273C5F21008308A8 /* LoginPageView.swift in Sources */,
				C921E6E4273DB47B007D927E /* ButtonViewCustomRoundedStyle.swift in Sources */,
				C921E6DC273DA619007D927E /* LoginPageViewModel.swift in Sources */,
				C9577923273C5F21008308A8 /* movieApp.swift in Sources */,
				C921E6D8273DA00D007D927E /* MainBackgroundView.swift in Sources */,
				C970D87F273ED04B00C024A5 /* MainBackgroundViewModel.swift in Sources */,
				C921E6E1273DAFC5007D927E /* TextFieldCustomRoundedStyle.swift in Sources */,
				C9A8FCA1274A6B160069082E /* SignIn.swift in Sources */,
			);
			runOnlyForDeploymentPostprocessing = 0;
		};
		C957790A273C5F21008308A8 /* Sources */ = {
			isa = PBXSourcesBuildPhase;
			buildActionMask = 2147483647;
			files = (
				C9577915273C5F21008308A8 /* Tests_iOSLaunchTests.swift in Sources */,
				C9577913273C5F21008308A8 /* Tests_iOS.swift in Sources */,
			);
			runOnlyForDeploymentPostprocessing = 0;
		};
		C9577916273C5F21008308A8 /* Sources */ = {
			isa = PBXSourcesBuildPhase;
			buildActionMask = 2147483647;
			files = (
				C9577921273C5F21008308A8 /* Tests_macOSLaunchTests.swift in Sources */,
				C957791F273C5F21008308A8 /* Tests_macOS.swift in Sources */,
			);
			runOnlyForDeploymentPostprocessing = 0;
		};
/* End PBXSourcesBuildPhase section */

/* Begin PBXTargetDependency section */
		C9577910273C5F21008308A8 /* PBXTargetDependency */ = {
			isa = PBXTargetDependency;
			target = C9577900273C5F21008308A8 /* movie (iOS) */;
			targetProxy = C957790F273C5F21008308A8 /* PBXContainerItemProxy */;
		};
		C957791C273C5F21008308A8 /* PBXTargetDependency */ = {
			isa = PBXTargetDependency;
			target = C9577906273C5F21008308A8 /* movie (macOS) */;
			targetProxy = C957791B273C5F21008308A8 /* PBXContainerItemProxy */;
		};
/* End PBXTargetDependency section */

/* Begin XCBuildConfiguration section */
		C9577928273C5F21008308A8 /* Debug */ = {
			isa = XCBuildConfiguration;
			buildSettings = {
				ALWAYS_SEARCH_USER_PATHS = NO;
				CLANG_ANALYZER_NONNULL = YES;
				CLANG_ANALYZER_NUMBER_OBJECT_CONVERSION = YES_AGGRESSIVE;
				CLANG_CXX_LANGUAGE_STANDARD = "gnu++17";
				CLANG_CXX_LIBRARY = "libc++";
				CLANG_ENABLE_MODULES = YES;
				CLANG_ENABLE_OBJC_ARC = YES;
				CLANG_ENABLE_OBJC_WEAK = YES;
				CLANG_WARN_BLOCK_CAPTURE_AUTORELEASING = YES;
				CLANG_WARN_BOOL_CONVERSION = YES;
				CLANG_WARN_COMMA = YES;
				CLANG_WARN_CONSTANT_CONVERSION = YES;
				CLANG_WARN_DEPRECATED_OBJC_IMPLEMENTATIONS = YES;
				CLANG_WARN_DIRECT_OBJC_ISA_USAGE = YES_ERROR;
				CLANG_WARN_DOCUMENTATION_COMMENTS = YES;
				CLANG_WARN_EMPTY_BODY = YES;
				CLANG_WARN_ENUM_CONVERSION = YES;
				CLANG_WARN_INFINITE_RECURSION = YES;
				CLANG_WARN_INT_CONVERSION = YES;
				CLANG_WARN_NON_LITERAL_NULL_CONVERSION = YES;
				CLANG_WARN_OBJC_IMPLICIT_RETAIN_SELF = YES;
				CLANG_WARN_OBJC_LITERAL_CONVERSION = YES;
				CLANG_WARN_OBJC_ROOT_CLASS = YES_ERROR;
				CLANG_WARN_QUOTED_INCLUDE_IN_FRAMEWORK_HEADER = YES;
				CLANG_WARN_RANGE_LOOP_ANALYSIS = YES;
				CLANG_WARN_STRICT_PROTOTYPES = YES;
				CLANG_WARN_SUSPICIOUS_MOVE = YES;
				CLANG_WARN_UNGUARDED_AVAILABILITY = YES_AGGRESSIVE;
				CLANG_WARN_UNREACHABLE_CODE = YES;
				CLANG_WARN__DUPLICATE_METHOD_MATCH = YES;
				COPY_PHASE_STRIP = NO;
				DEBUG_INFORMATION_FORMAT = dwarf;
				ENABLE_STRICT_OBJC_MSGSEND = YES;
				ENABLE_TESTABILITY = YES;
				GCC_C_LANGUAGE_STANDARD = gnu11;
				GCC_DYNAMIC_NO_PIC = NO;
				GCC_NO_COMMON_BLOCKS = YES;
				GCC_OPTIMIZATION_LEVEL = 0;
				GCC_PREPROCESSOR_DEFINITIONS = (
					"DEBUG=1",
					"$(inherited)",
				);
				GCC_WARN_64_TO_32_BIT_CONVERSION = YES;
				GCC_WARN_ABOUT_RETURN_TYPE = YES_ERROR;
				GCC_WARN_UNDECLARED_SELECTOR = YES;
				GCC_WARN_UNINITIALIZED_AUTOS = YES_AGGRESSIVE;
				GCC_WARN_UNUSED_FUNCTION = YES;
				GCC_WARN_UNUSED_VARIABLE = YES;
				MTL_ENABLE_DEBUG_INFO = INCLUDE_SOURCE;
				MTL_FAST_MATH = YES;
				ONLY_ACTIVE_ARCH = YES;
				SWIFT_ACTIVE_COMPILATION_CONDITIONS = DEBUG;
				SWIFT_OPTIMIZATION_LEVEL = "-Onone";
			};
			name = Debug;
		};
		C9577929273C5F21008308A8 /* Release */ = {
			isa = XCBuildConfiguration;
			buildSettings = {
				ALWAYS_SEARCH_USER_PATHS = NO;
				CLANG_ANALYZER_NONNULL = YES;
				CLANG_ANALYZER_NUMBER_OBJECT_CONVERSION = YES_AGGRESSIVE;
				CLANG_CXX_LANGUAGE_STANDARD = "gnu++17";
				CLANG_CXX_LIBRARY = "libc++";
				CLANG_ENABLE_MODULES = YES;
				CLANG_ENABLE_OBJC_ARC = YES;
				CLANG_ENABLE_OBJC_WEAK = YES;
				CLANG_WARN_BLOCK_CAPTURE_AUTORELEASING = YES;
				CLANG_WARN_BOOL_CONVERSION = YES;
				CLANG_WARN_COMMA = YES;
				CLANG_WARN_CONSTANT_CONVERSION = YES;
				CLANG_WARN_DEPRECATED_OBJC_IMPLEMENTATIONS = YES;
				CLANG_WARN_DIRECT_OBJC_ISA_USAGE = YES_ERROR;
				CLANG_WARN_DOCUMENTATION_COMMENTS = YES;
				CLANG_WARN_EMPTY_BODY = YES;
				CLANG_WARN_ENUM_CONVERSION = YES;
				CLANG_WARN_INFINITE_RECURSION = YES;
				CLANG_WARN_INT_CONVERSION = YES;
				CLANG_WARN_NON_LITERAL_NULL_CONVERSION = YES;
				CLANG_WARN_OBJC_IMPLICIT_RETAIN_SELF = YES;
				CLANG_WARN_OBJC_LITERAL_CONVERSION = YES;
				CLANG_WARN_OBJC_ROOT_CLASS = YES_ERROR;
				CLANG_WARN_QUOTED_INCLUDE_IN_FRAMEWORK_HEADER = YES;
				CLANG_WARN_RANGE_LOOP_ANALYSIS = YES;
				CLANG_WARN_STRICT_PROTOTYPES = YES;
				CLANG_WARN_SUSPICIOUS_MOVE = YES;
				CLANG_WARN_UNGUARDED_AVAILABILITY = YES_AGGRESSIVE;
				CLANG_WARN_UNREACHABLE_CODE = YES;
				CLANG_WARN__DUPLICATE_METHOD_MATCH = YES;
				COPY_PHASE_STRIP = NO;
				DEBUG_INFORMATION_FORMAT = "dwarf-with-dsym";
				ENABLE_NS_ASSERTIONS = NO;
				ENABLE_STRICT_OBJC_MSGSEND = YES;
				GCC_C_LANGUAGE_STANDARD = gnu11;
				GCC_NO_COMMON_BLOCKS = YES;
				GCC_WARN_64_TO_32_BIT_CONVERSION = YES;
				GCC_WARN_ABOUT_RETURN_TYPE = YES_ERROR;
				GCC_WARN_UNDECLARED_SELECTOR = YES;
				GCC_WARN_UNINITIALIZED_AUTOS = YES_AGGRESSIVE;
				GCC_WARN_UNUSED_FUNCTION = YES;
				GCC_WARN_UNUSED_VARIABLE = YES;
				MTL_ENABLE_DEBUG_INFO = NO;
				MTL_FAST_MATH = YES;
				SWIFT_COMPILATION_MODE = wholemodule;
				SWIFT_OPTIMIZATION_LEVEL = "-O";
			};
			name = Release;
		};
		C957792B273C5F21008308A8 /* Debug */ = {
			isa = XCBuildConfiguration;
			buildSettings = {
				ASSETCATALOG_COMPILER_APPICON_NAME = AppIcon;
				ASSETCATALOG_COMPILER_GLOBAL_ACCENT_COLOR_NAME = AccentColor;
				CODE_SIGN_STYLE = Automatic;
				CURRENT_PROJECT_VERSION = 1;
				DEVELOPMENT_TEAM = VUH3GM8HPJ;
				ENABLE_PREVIEWS = YES;
				GENERATE_INFOPLIST_FILE = YES;
				INFOPLIST_FILE = "movie--iOS--Info.plist";
				INFOPLIST_KEY_UIApplicationSceneManifest_Generation = YES;
				INFOPLIST_KEY_UIApplicationSupportsIndirectInputEvents = YES;
				INFOPLIST_KEY_UILaunchScreen_Generation = YES;
				INFOPLIST_KEY_UISupportedInterfaceOrientations_iPad = "UIInterfaceOrientationPortrait UIInterfaceOrientationPortraitUpsideDown UIInterfaceOrientationLandscapeLeft UIInterfaceOrientationLandscapeRight";
				INFOPLIST_KEY_UISupportedInterfaceOrientations_iPhone = "UIInterfaceOrientationPortrait UIInterfaceOrientationLandscapeLeft UIInterfaceOrientationLandscapeRight";
				IPHONEOS_DEPLOYMENT_TARGET = 15.0;
				LD_RUNPATH_SEARCH_PATHS = (
					"$(inherited)",
					"@executable_path/Frameworks",
				);
				MARKETING_VERSION = 1.0;
				PRODUCT_BUNDLE_IDENTIFIER = com.berksu.portfolio.movie;
				PRODUCT_NAME = movie;
				SDKROOT = iphoneos;
				SWIFT_EMIT_LOC_STRINGS = YES;
				SWIFT_VERSION = 5.0;
				TARGETED_DEVICE_FAMILY = "1,2";
			};
			name = Debug;
		};
		C957792C273C5F21008308A8 /* Release */ = {
			isa = XCBuildConfiguration;
			buildSettings = {
				ASSETCATALOG_COMPILER_APPICON_NAME = AppIcon;
				ASSETCATALOG_COMPILER_GLOBAL_ACCENT_COLOR_NAME = AccentColor;
				CODE_SIGN_STYLE = Automatic;
				CURRENT_PROJECT_VERSION = 1;
				DEVELOPMENT_TEAM = VUH3GM8HPJ;
				ENABLE_PREVIEWS = YES;
				GENERATE_INFOPLIST_FILE = YES;
				INFOPLIST_FILE = "movie--iOS--Info.plist";
				INFOPLIST_KEY_UIApplicationSceneManifest_Generation = YES;
				INFOPLIST_KEY_UIApplicationSupportsIndirectInputEvents = YES;
				INFOPLIST_KEY_UILaunchScreen_Generation = YES;
				INFOPLIST_KEY_UISupportedInterfaceOrientations_iPad = "UIInterfaceOrientationPortrait UIInterfaceOrientationPortraitUpsideDown UIInterfaceOrientationLandscapeLeft UIInterfaceOrientationLandscapeRight";
				INFOPLIST_KEY_UISupportedInterfaceOrientations_iPhone = "UIInterfaceOrientationPortrait UIInterfaceOrientationLandscapeLeft UIInterfaceOrientationLandscapeRight";
				IPHONEOS_DEPLOYMENT_TARGET = 15.0;
				LD_RUNPATH_SEARCH_PATHS = (
					"$(inherited)",
					"@executable_path/Frameworks",
				);
				MARKETING_VERSION = 1.0;
				PRODUCT_BUNDLE_IDENTIFIER = com.berksu.portfolio.movie;
				PRODUCT_NAME = movie;
				SDKROOT = iphoneos;
				SWIFT_EMIT_LOC_STRINGS = YES;
				SWIFT_VERSION = 5.0;
				TARGETED_DEVICE_FAMILY = "1,2";
				VALIDATE_PRODUCT = YES;
			};
			name = Release;
		};
		C957792E273C5F21008308A8 /* Debug */ = {
			isa = XCBuildConfiguration;
			buildSettings = {
				ASSETCATALOG_COMPILER_APPICON_NAME = AppIcon;
				ASSETCATALOG_COMPILER_GLOBAL_ACCENT_COLOR_NAME = AccentColor;
				CODE_SIGN_ENTITLEMENTS = macOS/macOS.entitlements;
				CODE_SIGN_STYLE = Automatic;
				COMBINE_HIDPI_IMAGES = YES;
				CURRENT_PROJECT_VERSION = 1;
				DEVELOPMENT_TEAM = VUH3GM8HPJ;
				ENABLE_HARDENED_RUNTIME = YES;
				ENABLE_PREVIEWS = YES;
				GENERATE_INFOPLIST_FILE = YES;
				INFOPLIST_KEY_NSHumanReadableCopyright = "";
				LD_RUNPATH_SEARCH_PATHS = (
					"$(inherited)",
					"@executable_path/../Frameworks",
				);
				MACOSX_DEPLOYMENT_TARGET = 12.0;
				MARKETING_VERSION = 1.0;
				PRODUCT_BUNDLE_IDENTIFIER = com.berksu.portfolio.movie;
				PRODUCT_NAME = movie;
				SDKROOT = macosx;
				SWIFT_EMIT_LOC_STRINGS = YES;
				SWIFT_VERSION = 5.0;
			};
			name = Debug;
		};
		C957792F273C5F21008308A8 /* Release */ = {
			isa = XCBuildConfiguration;
			buildSettings = {
				ASSETCATALOG_COMPILER_APPICON_NAME = AppIcon;
				ASSETCATALOG_COMPILER_GLOBAL_ACCENT_COLOR_NAME = AccentColor;
				CODE_SIGN_ENTITLEMENTS = macOS/macOS.entitlements;
				CODE_SIGN_STYLE = Automatic;
				COMBINE_HIDPI_IMAGES = YES;
				CURRENT_PROJECT_VERSION = 1;
				DEVELOPMENT_TEAM = VUH3GM8HPJ;
				ENABLE_HARDENED_RUNTIME = YES;
				ENABLE_PREVIEWS = YES;
				GENERATE_INFOPLIST_FILE = YES;
				INFOPLIST_KEY_NSHumanReadableCopyright = "";
				LD_RUNPATH_SEARCH_PATHS = (
					"$(inherited)",
					"@executable_path/../Frameworks",
				);
				MACOSX_DEPLOYMENT_TARGET = 12.0;
				MARKETING_VERSION = 1.0;
				PRODUCT_BUNDLE_IDENTIFIER = com.berksu.portfolio.movie;
				PRODUCT_NAME = movie;
				SDKROOT = macosx;
				SWIFT_EMIT_LOC_STRINGS = YES;
				SWIFT_VERSION = 5.0;
			};
			name = Release;
		};
		C9577931273C5F21008308A8 /* Debug */ = {
			isa = XCBuildConfiguration;
			buildSettings = {
				ALWAYS_EMBED_SWIFT_STANDARD_LIBRARIES = YES;
				CODE_SIGN_STYLE = Automatic;
				CURRENT_PROJECT_VERSION = 1;
				DEVELOPMENT_TEAM = VUH3GM8HPJ;
				GENERATE_INFOPLIST_FILE = YES;
				IPHONEOS_DEPLOYMENT_TARGET = 15.0;
				LD_RUNPATH_SEARCH_PATHS = (
					"$(inherited)",
					"@executable_path/Frameworks",
					"@loader_path/Frameworks",
				);
				MARKETING_VERSION = 1.0;
				PRODUCT_BUNDLE_IDENTIFIER = "com.berksu.portfolio.Tests-iOS";
				PRODUCT_NAME = "$(TARGET_NAME)";
				SDKROOT = iphoneos;
				SWIFT_EMIT_LOC_STRINGS = NO;
				SWIFT_VERSION = 5.0;
				TARGETED_DEVICE_FAMILY = "1,2";
				TEST_TARGET_NAME = "movie (iOS)";
			};
			name = Debug;
		};
		C9577932273C5F21008308A8 /* Release */ = {
			isa = XCBuildConfiguration;
			buildSettings = {
				ALWAYS_EMBED_SWIFT_STANDARD_LIBRARIES = YES;
				CODE_SIGN_STYLE = Automatic;
				CURRENT_PROJECT_VERSION = 1;
				DEVELOPMENT_TEAM = VUH3GM8HPJ;
				GENERATE_INFOPLIST_FILE = YES;
				IPHONEOS_DEPLOYMENT_TARGET = 15.0;
				LD_RUNPATH_SEARCH_PATHS = (
					"$(inherited)",
					"@executable_path/Frameworks",
					"@loader_path/Frameworks",
				);
				MARKETING_VERSION = 1.0;
				PRODUCT_BUNDLE_IDENTIFIER = "com.berksu.portfolio.Tests-iOS";
				PRODUCT_NAME = "$(TARGET_NAME)";
				SDKROOT = iphoneos;
				SWIFT_EMIT_LOC_STRINGS = NO;
				SWIFT_VERSION = 5.0;
				TARGETED_DEVICE_FAMILY = "1,2";
				TEST_TARGET_NAME = "movie (iOS)";
				VALIDATE_PRODUCT = YES;
			};
			name = Release;
		};
		C9577934273C5F21008308A8 /* Debug */ = {
			isa = XCBuildConfiguration;
			buildSettings = {
				ALWAYS_EMBED_SWIFT_STANDARD_LIBRARIES = YES;
				CODE_SIGN_STYLE = Automatic;
				COMBINE_HIDPI_IMAGES = YES;
				CURRENT_PROJECT_VERSION = 1;
				DEVELOPMENT_TEAM = VUH3GM8HPJ;
				GENERATE_INFOPLIST_FILE = YES;
				LD_RUNPATH_SEARCH_PATHS = (
					"$(inherited)",
					"@executable_path/../Frameworks",
					"@loader_path/../Frameworks",
				);
				MACOSX_DEPLOYMENT_TARGET = 12.0;
				MARKETING_VERSION = 1.0;
				PRODUCT_BUNDLE_IDENTIFIER = "com.berksu.portfolio.Tests-macOS";
				PRODUCT_NAME = "$(TARGET_NAME)";
				SDKROOT = macosx;
				SWIFT_EMIT_LOC_STRINGS = NO;
				SWIFT_VERSION = 5.0;
				TEST_TARGET_NAME = "movie (macOS)";
			};
			name = Debug;
		};
		C9577935273C5F21008308A8 /* Release */ = {
			isa = XCBuildConfiguration;
			buildSettings = {
				ALWAYS_EMBED_SWIFT_STANDARD_LIBRARIES = YES;
				CODE_SIGN_STYLE = Automatic;
				COMBINE_HIDPI_IMAGES = YES;
				CURRENT_PROJECT_VERSION = 1;
				DEVELOPMENT_TEAM = VUH3GM8HPJ;
				GENERATE_INFOPLIST_FILE = YES;
				LD_RUNPATH_SEARCH_PATHS = (
					"$(inherited)",
					"@executable_path/../Frameworks",
					"@loader_path/../Frameworks",
				);
				MACOSX_DEPLOYMENT_TARGET = 12.0;
				MARKETING_VERSION = 1.0;
				PRODUCT_BUNDLE_IDENTIFIER = "com.berksu.portfolio.Tests-macOS";
				PRODUCT_NAME = "$(TARGET_NAME)";
				SDKROOT = macosx;
				SWIFT_EMIT_LOC_STRINGS = NO;
				SWIFT_VERSION = 5.0;
				TEST_TARGET_NAME = "movie (macOS)";
			};
			name = Release;
		};
/* End XCBuildConfiguration section */

/* Begin XCConfigurationList section */
		C95778F8273C5F21008308A8 /* Build configuration list for PBXProject "movie" */ = {
			isa = XCConfigurationList;
			buildConfigurations = (
				C9577928273C5F21008308A8 /* Debug */,
				C9577929273C5F21008308A8 /* Release */,
			);
			defaultConfigurationIsVisible = 0;
			defaultConfigurationName = Release;
		};
		C957792A273C5F21008308A8 /* Build configuration list for PBXNativeTarget "movie (iOS)" */ = {
			isa = XCConfigurationList;
			buildConfigurations = (
				C957792B273C5F21008308A8 /* Debug */,
				C957792C273C5F21008308A8 /* Release */,
			);
			defaultConfigurationIsVisible = 0;
			defaultConfigurationName = Release;
		};
		C957792D273C5F21008308A8 /* Build configuration list for PBXNativeTarget "movie (macOS)" */ = {
			isa = XCConfigurationList;
			buildConfigurations = (
				C957792E273C5F21008308A8 /* Debug */,
				C957792F273C5F21008308A8 /* Release */,
			);
			defaultConfigurationIsVisible = 0;
			defaultConfigurationName = Release;
		};
		C9577930273C5F21008308A8 /* Build configuration list for PBXNativeTarget "Tests iOS" */ = {
			isa = XCConfigurationList;
			buildConfigurations = (
				C9577931273C5F21008308A8 /* Debug */,
				C9577932273C5F21008308A8 /* Release */,
			);
			defaultConfigurationIsVisible = 0;
			defaultConfigurationName = Release;
		};
		C9577933273C5F21008308A8 /* Build configuration list for PBXNativeTarget "Tests macOS" */ = {
			isa = XCConfigurationList;
			buildConfigurations = (
				C9577934273C5F21008308A8 /* Debug */,
				C9577935273C5F21008308A8 /* Release */,
			);
			defaultConfigurationIsVisible = 0;
			defaultConfigurationName = Release;
		};
/* End XCConfigurationList section */

/* Begin XCRemoteSwiftPackageReference section */
		C9356D3427496C680005ADBE /* XCRemoteSwiftPackageReference "firebase-ios-sdk" */ = {
			isa = XCRemoteSwiftPackageReference;
			repositoryURL = "https://github.com/firebase/firebase-ios-sdk";
			requirement = {
				kind = upToNextMajorVersion;
				minimumVersion = 8.0.0;
			};
		};
		C970D881273F07A300C024A5 /* XCRemoteSwiftPackageReference "Kingfisher" */ = {
			isa = XCRemoteSwiftPackageReference;
			repositoryURL = "https://github.com/onevcat/Kingfisher.git";
			requirement = {
				kind = upToNextMajorVersion;
				minimumVersion = 7.0.0;
			};
		};
		C9D01F5427402B0C00E16479 /* XCRemoteSwiftPackageReference "Alamofire" */ = {
			isa = XCRemoteSwiftPackageReference;
			repositoryURL = "https://github.com/Alamofire/Alamofire.git";
			requirement = {
				kind = upToNextMajorVersion;
				minimumVersion = 5.0.0;
			};
		};
/* End XCRemoteSwiftPackageReference section */

/* Begin XCSwiftPackageProductDependency section */
		C9356D3527496C680005ADBE /* FirebaseAuth */ = {
			isa = XCSwiftPackageProductDependency;
			package = C9356D3427496C680005ADBE /* XCRemoteSwiftPackageReference "firebase-ios-sdk" */;
			productName = FirebaseAuth;
		};
		C9356D3727496C680005ADBE /* FirebaseAuthCombine-Community */ = {
			isa = XCSwiftPackageProductDependency;
			package = C9356D3427496C680005ADBE /* XCRemoteSwiftPackageReference "firebase-ios-sdk" */;
			productName = "FirebaseAuthCombine-Community";
		};
		C9356D3927496C680005ADBE /* FirebaseDatabase */ = {
			isa = XCSwiftPackageProductDependency;
			package = C9356D3427496C680005ADBE /* XCRemoteSwiftPackageReference "firebase-ios-sdk" */;
			productName = FirebaseDatabase;
		};
		C9356D3B27496C680005ADBE /* FirebaseFirestore */ = {
			isa = XCSwiftPackageProductDependency;
			package = C9356D3427496C680005ADBE /* XCRemoteSwiftPackageReference "firebase-ios-sdk" */;
			productName = FirebaseFirestore;
		};
		C9356D3D27496C680005ADBE /* FirebaseFirestoreCombine-Community */ = {
			isa = XCSwiftPackageProductDependency;
			package = C9356D3427496C680005ADBE /* XCRemoteSwiftPackageReference "firebase-ios-sdk" */;
			productName = "FirebaseFirestoreCombine-Community";
		};
		C9356D3F27496C680005ADBE /* FirebaseStorage */ = {
			isa = XCSwiftPackageProductDependency;
			package = C9356D3427496C680005ADBE /* XCRemoteSwiftPackageReference "firebase-ios-sdk" */;
			productName = FirebaseStorage;
		};
		C9356D4127496C680005ADBE /* FirebaseStorageCombine-Community */ = {
			isa = XCSwiftPackageProductDependency;
			package = C9356D3427496C680005ADBE /* XCRemoteSwiftPackageReference "firebase-ios-sdk" */;
			productName = "FirebaseStorageCombine-Community";
		};
		C970D882273F07A300C024A5 /* Kingfisher */ = {
			isa = XCSwiftPackageProductDependency;
			package = C970D881273F07A300C024A5 /* XCRemoteSwiftPackageReference "Kingfisher" */;
			productName = Kingfisher;
		};
		C9D01F5527402B0D00E16479 /* Alamofire */ = {
			isa = XCSwiftPackageProductDependency;
			package = C9D01F5427402B0C00E16479 /* XCRemoteSwiftPackageReference "Alamofire" */;
			productName = Alamofire;
		};
/* End XCSwiftPackageProductDependency section */
	};
	rootObject = C95778F5273C5F21008308A8 /* Project object */;
}
